{
  "originHash" : "4505c59d0f32844f3a3fa48f6ce809591898c18f9396ada2fd359e5821874c44",
  "pins" : [
    {
      "identity" : "swiftyping",
      "kind" : "remoteSourceControl",
      "location" : "https://github.com/samiyr/SwiftyPing",
      "state" : {
        "branch" : "master",
        "revision" : "05591bc0047e41e0e1d98135c6bc457192a72d39"
      }
    }
  ],
  "version" : 3
}
